{
  "nodes": {
    "home-manager": {
      "inputs": {
        "nixpkgs": [
          "nixpkgs"
        ]
      },
      "locked": {
        "lastModified": 1747978958,
        "narHash": "sha256-pQQnbxWpY3IiZqgelXHIe/OAE/Yv4NSQq7fch7M6nXQ=",
        "owner": "nix-community",
        "repo": "home-manager",
        "rev": "7419250703fd5eb50e99bdfb07a86671939103ea",
        "type": "github"
      },
      "original": {
        "owner": "nix-community",
        "repo": "home-manager",
        "type": "github"
      }
    },
    "nh": {
      "inputs": {
        "nixpkgs": [
          "nixpkgs"
        ]
      },
      "locked": {
        "lastModified": 1748096601,
        "narHash": "sha256-ji/9z1pRbosyKVVAIGBazyz6PjWV8bc2Ux2RdQrVDWY=",
        "owner": "viperML",
        "repo": "nh",
        "rev": "1ea27e73a3dcbc9950258e9054377ee677d12b9e",
        "type": "github"
      },
      "original": {
        "owner": "viperML",
        "repo": "nh",
        "type": "github"
      }
    },
    "nix-darwin": {
      "inputs": {
        "nixpkgs": [
          "nixpkgs"
        ]
      },
      "locked": {
        "lastModified": 1747964474,
        "narHash": "sha256-i73u8NLiqewGy0iIriH4XizatLnAojXxzrBqHJEz49E=",
        "owner": "LnL7",
        "repo": "nix-darwin",
        "rev": "93562b65cf68612a544779c9f77536f9dff01096",
        "type": "github"
      },
      "original": {
        "owner": "LnL7",
        "ref": "master",
        "repo": "nix-darwin",
        "type": "github"
      }
    },
    "nixpkgs": {
      "locked": {
        "lastModified": 1747920628,
        "narHash": "sha256-IlAuXnIi+ZmyS89tt1YOFDCv7FKs9bNBHd3MXMp8PxE=",
        "owner": "NixOS",
        "repo": "nixpkgs",
        "rev": "e314d5c6d3b3a0f40ec5bcbc007b0cbe412f48ae",
        "type": "github"
      },
      "original": {
        "owner": "NixOS",
        "ref": "nixpkgs-unstable",
        "repo": "nixpkgs",
        "type": "github"
      }
    },
    "root": {
      "inputs": {
        "home-manager": "home-manager",
        "nh": "nh",
        "nix-darwin": "nix-darwin",
        "nixpkgs": "nixpkgs",
        "sops-nix": "sops-nix"
      }
    },
    "sops-nix": {
      "inputs": {
        "nixpkgs": [
          "nixpkgs"
        ]
      },
      "locked": {
        "lastModified": 1747603214,
        "narHash": "sha256-lAblXm0VwifYCJ/ILPXJwlz0qNY07DDYdLD+9H+Wc8o=",
        "owner": "Mic92",
        "repo": "sops-nix",
        "rev": "8d215e1c981be3aa37e47aeabd4e61bb069548fd",
        "type": "github"
      },
      "original": {
        "owner": "Mic92",
        "repo": "sops-nix",
        "type": "github"
      }
    }
  },
  "root": "root",
  "version": 7
}
